
Microsoft Visual Studio Solution File, Format Version 12.00
# Visual Studio Version 17
VisualStudioVersion = 17.0.32112.339
MinimumVisualStudioVersion = 10.0.40219.1
Project("{9A19103F-16F7-4668-BE54-9A1E7A4F7556}") = "CardGame", "CardGame\CardGame.csproj", "{2AE611BF-6CBF-4ADF-B8BF-D3FE2A0F88CC}"
EndProject
Project("{9A19103F-16F7-4668-BE54-9A1E7A4F7556}") = "CardGame.Common", "CardGame.Common\CardGame.Common.csproj", "{01C37656-6BBE-49BA-852E-BF31DB808710}"
EndProject
Project("{9A19103F-16F7-4668-BE54-9A1E7A4F7556}") = "CardGame.Domain", "CardGame.Domain\CardGame.Domain.csproj", "{5C2507DF-90F2-4195-BFD7-85DA77673009}"
EndProject
Project("{FAE04EC0-301F-11D3-BF4B-00C04F79EFBC}") = "CardGame.Api.Tests", "CardGame.Api.Tests\CardGame.Api.Tests.csproj", "{389D98CA-2433-4217-BB24-6B3425064151}"
EndProject
Project("{FAE04EC0-301F-11D3-BF4B-00C04F79EFBC}") = "CardGame.Domain.Tests", "CardGame.Domain.Tests\CardGame.Domain.Tests.csproj", "{AB3F8488-2B55-420B-A11D-43A78ED24D0D}"
EndProject
Global
	GlobalSection(SolutionConfigurationPlatforms) = preSolution
		Debug|Any CPU = Debug|Any CPU
		Release|Any CPU = Release|Any CPU
	EndGlobalSection
	GlobalSection(ProjectConfigurationPlatforms) = postSolution
		{2AE611BF-6CBF-4ADF-B8BF-D3FE2A0F88CC}.Debug|Any CPU.ActiveCfg = Debug|Any CPU
		{2AE611BF-6CBF-4ADF-B8BF-D3FE2A0F88CC}.Debug|Any CPU.Build.0 = Debug|Any CPU
		{2AE611BF-6CBF-4ADF-B8BF-D3FE2A0F88CC}.Release|Any CPU.ActiveCfg = Release|Any CPU
		{2AE611BF-6CBF-4ADF-B8BF-D3FE2A0F88CC}.Release|Any CPU.Build.0 = Release|Any CPU
		{01C37656-6BBE-49BA-852E-BF31DB808710}.Debug|Any CPU.ActiveCfg = Debug|Any CPU
		{01C37656-6BBE-49BA-852E-BF31DB808710}.Debug|Any CPU.Build.0 = Debug|Any CPU
		{01C37656-6BBE-49BA-852E-BF31DB808710}.Release|Any CPU.ActiveCfg = Release|Any CPU
		{01C37656-6BBE-49BA-852E-BF31DB808710}.Release|Any CPU.Build.0 = Release|Any CPU
		{5C2507DF-90F2-4195-BFD7-85DA77673009}.Debug|Any CPU.ActiveCfg = Debug|Any CPU
		{5C2507DF-90F2-4195-BFD7-85DA77673009}.Debug|Any CPU.Build.0 = Debug|Any CPU
		{5C2507DF-90F2-4195-BFD7-85DA77673009}.Release|Any CPU.ActiveCfg = Release|Any CPU
		{5C2507DF-90F2-4195-BFD7-85DA77673009}.Release|Any CPU.Build.0 = Release|Any CPU
		{389D98CA-2433-4217-BB24-6B3425064151}.Debug|Any CPU.ActiveCfg = Debug|Any CPU
		{389D98CA-2433-4217-BB24-6B3425064151}.Debug|Any CPU.Build.0 = Debug|Any CPU
		{389D98CA-2433-4217-BB24-6B3425064151}.Release|Any CPU.ActiveCfg = Release|Any CPU
		{389D98CA-2433-4217-BB24-6B3425064151}.Release|Any CPU.Build.0 = Release|Any CPU
		{AB3F8488-2B55-420B-A11D-43A78ED24D0D}.Debug|Any CPU.ActiveCfg = Debug|Any CPU
		{AB3F8488-2B55-420B-A11D-43A78ED24D0D}.Debug|Any CPU.Build.0 = Debug|Any CPU
		{AB3F8488-2B55-420B-A11D-43A78ED24D0D}.Release|Any CPU.ActiveCfg = Release|Any CPU
		{AB3F8488-2B55-420B-A11D-43A78ED24D0D}.Release|Any CPU.Build.0 = Release|Any CPU
	EndGlobalSection
	GlobalSection(SolutionProperties) = preSolution
		HideSolutionNode = FALSE
	EndGlobalSection
	GlobalSection(ExtensibilityGlobals) = postSolution
		SolutionGuid = {5A8FB351-3963-442F-AC5B-9077D1ED57F7}
	EndGlobalSection
EndGlobal
